// !$*UTF8*$!
{
	archiveVersion = 1;
	classes = {
	};
	objectVersion = 50;
	objects = {

/* Begin PBXBuildFile section */
		AB2F0FC22135AA3F000C1A3F /* CustomTextField.swift in Sources */ = {isa = PBXBuildFile; fileRef = AB2F0FC12135AA3F000C1A3F /* CustomTextField.swift */; };
		AB2F0FC82135BBB6000C1A3F /* DateCreatedViewController.swift in Sources */ = {isa = PBXBuildFile; fileRef = AB2F0FC72135BBB6000C1A3F /* DateCreatedViewController.swift */; };
		AB6CCA152134783700137C9F /* ItemCell.swift in Sources */ = {isa = PBXBuildFile; fileRef = AB6CCA142134783700137C9F /* ItemCell.swift */; };
		AB6CCA172134A42600137C9F /* DetailViewController.swift in Sources */ = {isa = PBXBuildFile; fileRef = AB6CCA162134A42600137C9F /* DetailViewController.swift */; };
		ABCF98832135D2CA0081A702 /* ImageStore.swift in Sources */ = {isa = PBXBuildFile; fileRef = ABCF98822135D2CA0081A702 /* ImageStore.swift */; };
		ABF78BD3212F6554005FBBAE /* AppDelegate.swift in Sources */ = {isa = PBXBuildFile; fileRef = ABF78BD2212F6554005FBBAE /* AppDelegate.swift */; };
		ABF78BD8212F6554005FBBAE /* Main.storyboard in Resources */ = {isa = PBXBuildFile; fileRef = ABF78BD6212F6554005FBBAE /* Main.storyboard */; };
		ABF78BDA212F6555005FBBAE /* Assets.xcassets in Resources */ = {isa = PBXBuildFile; fileRef = ABF78BD9212F6555005FBBAE /* Assets.xcassets */; };
		ABF78BDD212F6555005FBBAE /* LaunchScreen.storyboard in Resources */ = {isa = PBXBuildFile; fileRef = ABF78BDB212F6555005FBBAE /* LaunchScreen.storyboard */; };
		ABF78BE8212F6555005FBBAE /* HomepwnerTests.swift in Sources */ = {isa = PBXBuildFile; fileRef = ABF78BE7212F6555005FBBAE /* HomepwnerTests.swift */; };
		ABF78BF3212F6555005FBBAE /* HomepwnerUITests.swift in Sources */ = {isa = PBXBuildFile; fileRef = ABF78BF2212F6555005FBBAE /* HomepwnerUITests.swift */; };
		ABF78C04212F667E005FBBAE /* ItemsViewController.swift in Sources */ = {isa = PBXBuildFile; fileRef = ABF78C03212F667E005FBBAE /* ItemsViewController.swift */; };
		ABF78C06212F67A3005FBBAE /* Item.swift in Sources */ = {isa = PBXBuildFile; fileRef = ABF78C05212F67A3005FBBAE /* Item.swift */; };
		ABF78C08212F6B0C005FBBAE /* ItemStore.swift in Sources */ = {isa = PBXBuildFile; fileRef = ABF78C07212F6B0C005FBBAE /* ItemStore.swift */; };
/* End PBXBuildFile section */

/* Begin PBXContainerItemProxy section */
		ABF78BE4212F6555005FBBAE /* PBXContainerItemProxy */ = {
			isa = PBXContainerItemProxy;
			containerPortal = ABF78BC7212F6554005FBBAE /* Project object */;
			proxyType = 1;
			remoteGlobalIDString = ABF78BCE212F6554005FBBAE;
			remoteInfo = Homepwner;
		};
		ABF78BEF212F6555005FBBAE /* PBXContainerItemProxy */ = {
			isa = PBXContainerItemProxy;
			containerPortal = ABF78BC7212F6554005FBBAE /* Project object */;
			proxyType = 1;
			remoteGlobalIDString = ABF78BCE212F6554005FBBAE;
			remoteInfo = Homepwner;
		};
/* End PBXContainerItemProxy section */

/* Begin PBXFileReference section */
		AB2F0FC12135AA3F000C1A3F /* CustomTextField.swift */ = {isa = PBXFileReference; lastKnownFileType = sourcecode.swift; path = CustomTextField.swift; sourceTree = "<group>"; };
		AB2F0FC72135BBB6000C1A3F /* DateCreatedViewController.swift */ = {isa = PBXFileReference; lastKnownFileType = sourcecode.swift; path = DateCreatedViewController.swift; sourceTree = "<group>"; };
		AB6CCA142134783700137C9F /* ItemCell.swift */ = {isa = PBXFileReference; lastKnownFileType = sourcecode.swift; path = ItemCell.swift; sourceTree = "<group>"; };
		AB6CCA162134A42600137C9F /* DetailViewController.swift */ = {isa = PBXFileReference; lastKnownFileType = sourcecode.swift; path = DetailViewController.swift; sourceTree = "<group>"; };
		ABCF98822135D2CA0081A702 /* ImageStore.swift */ = {isa = PBXFileReference; lastKnownFileType = sourcecode.swift; path = ImageStore.swift; sourceTree = "<group>"; };
		ABF78BCF212F6554005FBBAE /* Homepwner.app */ = {isa = PBXFileReference; explicitFileType = wrapper.application; includeInIndex = 0; path = Homepwner.app; sourceTree = BUILT_PRODUCTS_DIR; };
		ABF78BD2212F6554005FBBAE /* AppDelegate.swift */ = {isa = PBXFileReference; lastKnownFileType = sourcecode.swift; path = AppDelegate.swift; sourceTree = "<group>"; };
		ABF78BD7212F6554005FBBAE /* Base */ = {isa = PBXFileReference; lastKnownFileType = file.storyboard; name = Base; path = Base.lproj/Main.storyboard; sourceTree = "<group>"; };
		ABF78BD9212F6555005FBBAE /* Assets.xcassets */ = {isa = PBXFileReference; lastKnownFileType = folder.assetcatalog; path = Assets.xcassets; sourceTree = "<group>"; };
		ABF78BDC212F6555005FBBAE /* Base */ = {isa = PBXFileReference; lastKnownFileType = file.storyboard; name = Base; path = Base.lproj/LaunchScreen.storyboard; sourceTree = "<group>"; };
		ABF78BDE212F6555005FBBAE /* Info.plist */ = {isa = PBXFileReference; lastKnownFileType = text.plist.xml; path = Info.plist; sourceTree = "<group>"; };
		ABF78BE3212F6555005FBBAE /* HomepwnerTests.xctest */ = {isa = PBXFileReference; explicitFileType = wrapper.cfbundle; includeInIndex = 0; path = HomepwnerTests.xctest; sourceTree = BUILT_PRODUCTS_DIR; };
		ABF78BE7212F6555005FBBAE /* HomepwnerTests.swift */ = {isa = PBXFileReference; lastKnownFileType = sourcecode.swift; path = HomepwnerTests.swift; sourceTree = "<group>"; };
		ABF78BE9212F6555005FBBAE /* Info.plist */ = {isa = PBXFileReference; lastKnownFileType = text.plist.xml; path = Info.plist; sourceTree = "<group>"; };
		ABF78BEE212F6555005FBBAE /* HomepwnerUITests.xctest */ = {isa = PBXFileReference; explicitFileType = wrapper.cfbundle; includeInIndex = 0; path = HomepwnerUITests.xctest; sourceTree = BUILT_PRODUCTS_DIR; };
		ABF78BF2212F6555005FBBAE /* HomepwnerUITests.swift */ = {isa = PBXFileReference; lastKnownFileType = sourcecode.swift; path = HomepwnerUITests.swift; sourceTree = "<group>"; };
		ABF78BF4212F6555005FBBAE /* Info.plist */ = {isa = PBXFileReference; lastKnownFileType = text.plist.xml; path = Info.plist; sourceTree = "<group>"; };
		ABF78C03212F667E005FBBAE /* ItemsViewController.swift */ = {isa = PBXFileReference; lastKnownFileType = sourcecode.swift; path = ItemsViewController.swift; sourceTree = "<group>"; };
		ABF78C05212F67A3005FBBAE /* Item.swift */ = {isa = PBXFileReference; lastKnownFileType = sourcecode.swift; path = Item.swift; sourceTree = "<group>"; };
		ABF78C07212F6B0C005FBBAE /* ItemStore.swift */ = {isa = PBXFileReference; lastKnownFileType = sourcecode.swift; path = ItemStore.swift; sourceTree = "<group>"; };
/* End PBXFileReference section */

/* Begin PBXFrameworksBuildPhase section */
		ABF78BCC212F6554005FBBAE /* Frameworks */ = {
			isa = PBXFrameworksBuildPhase;
			buildActionMask = 2147483647;
			files = (
			);
			runOnlyForDeploymentPostprocessing = 0;
		};
		ABF78BE0212F6555005FBBAE /* Frameworks */ = {
			isa = PBXFrameworksBuildPhase;
			buildActionMask = 2147483647;
			files = (
			);
			runOnlyForDeploymentPostprocessing = 0;
		};
		ABF78BEB212F6555005FBBAE /* Frameworks */ = {
			isa = PBXFrameworksBuildPhase;
			buildActionMask = 2147483647;
			files = (
			);
			runOnlyForDeploymentPostprocessing = 0;
		};
/* End PBXFrameworksBuildPhase section */

/* Begin PBXGroup section */
		ABF78BC6212F6554005FBBAE = {
			isa = PBXGroup;
			children = (
				ABF78BD1212F6554005FBBAE /* Homepwner */,
				ABF78BE6212F6555005FBBAE /* HomepwnerTests */,
				ABF78BF1212F6555005FBBAE /* HomepwnerUITests */,
				ABF78BD0212F6554005FBBAE /* Products */,
			);
			sourceTree = "<group>";
		};
		ABF78BD0212F6554005FBBAE /* Products */ = {
			isa = PBXGroup;
			children = (
				ABF78BCF212F6554005FBBAE /* Homepwner.app */,
				ABF78BE3212F6555005FBBAE /* HomepwnerTests.xctest */,
				ABF78BEE212F6555005FBBAE /* HomepwnerUITests.xctest */,
			);
			name = Products;
			sourceTree = "<group>";
		};
		ABF78BD1212F6554005FBBAE /* Homepwner */ = {
			isa = PBXGroup;
			children = (
				ABF78C02212F65BB005FBBAE /* Model */,
				ABF78C00212F65AB005FBBAE /* View */,
				ABF78C01212F65B4005FBBAE /* Controller */,
				ABF78BD9212F6555005FBBAE /* Assets.xcassets */,
				ABF78BDB212F6555005FBBAE /* LaunchScreen.storyboard */,
				ABF78BDE212F6555005FBBAE /* Info.plist */,
			);
			path = Homepwner;
			sourceTree = "<group>";
		};
		ABF78BE6212F6555005FBBAE /* HomepwnerTests */ = {
			isa = PBXGroup;
			children = (
				ABF78BE7212F6555005FBBAE /* HomepwnerTests.swift */,
				ABF78BE9212F6555005FBBAE /* Info.plist */,
			);
			path = HomepwnerTests;
			sourceTree = "<group>";
		};
		ABF78BF1212F6555005FBBAE /* HomepwnerUITests */ = {
			isa = PBXGroup;
			children = (
				ABF78BF2212F6555005FBBAE /* HomepwnerUITests.swift */,
				ABF78BF4212F6555005FBBAE /* Info.plist */,
			);
			path = HomepwnerUITests;
			sourceTree = "<group>";
		};
		ABF78C00212F65AB005FBBAE /* View */ = {
			isa = PBXGroup;
			children = (
				ABF78BD6212F6554005FBBAE /* Main.storyboard */,
			);
			path = View;
			sourceTree = "<group>";
		};
		ABF78C01212F65B4005FBBAE /* Controller */ = {
			isa = PBXGroup;
			children = (
				AB2F0FC12135AA3F000C1A3F /* CustomTextField.swift */,
				ABF78BD2212F6554005FBBAE /* AppDelegate.swift */,
				ABF78C03212F667E005FBBAE /* ItemsViewController.swift */,
				AB6CCA162134A42600137C9F /* DetailViewController.swift */,
				AB2F0FC72135BBB6000C1A3F /* DateCreatedViewController.swift */,
			);
			path = Controller;
			sourceTree = "<group>";
		};
		ABF78C02212F65BB005FBBAE /* Model */ = {
			isa = PBXGroup;
			children = (
				ABF78C05212F67A3005FBBAE /* Item.swift */,
				ABF78C07212F6B0C005FBBAE /* ItemStore.swift */,
				AB6CCA142134783700137C9F /* ItemCell.swift */,
				ABCF98822135D2CA0081A702 /* ImageStore.swift */,
			);
			path = Model;
			sourceTree = "<group>";
		};
/* End PBXGroup section */

/* Begin PBXNativeTarget section */
		ABF78BCE212F6554005FBBAE /* Homepwner */ = {
			isa = PBXNativeTarget;
			buildConfigurationList = ABF78BF7212F6555005FBBAE /* Build configuration list for PBXNativeTarget "Homepwner" */;
			buildPhases = (
				ABF78BCB212F6554005FBBAE /* Sources */,
				ABF78BCC212F6554005FBBAE /* Frameworks */,
				ABF78BCD212F6554005FBBAE /* Resources */,
			);
			buildRules = (
			);
			dependencies = (
			);
			name = Homepwner;
			productName = Homepwner;
			productReference = ABF78BCF212F6554005FBBAE /* Homepwner.app */;
			productType = "com.apple.product-type.application";
		};
		ABF78BE2212F6555005FBBAE /* HomepwnerTests */ = {
			isa = PBXNativeTarget;
			buildConfigurationList = ABF78BFA212F6555005FBBAE /* Build configuration list for PBXNativeTarget "HomepwnerTests" */;
			buildPhases = (
				ABF78BDF212F6555005FBBAE /* Sources */,
				ABF78BE0212F6555005FBBAE /* Frameworks */,
				ABF78BE1212F6555005FBBAE /* Resources */,
			);
			buildRules = (
			);
			dependencies = (
				ABF78BE5212F6555005FBBAE /* PBXTargetDependency */,
			);
			name = HomepwnerTests;
			productName = HomepwnerTests;
			productReference = ABF78BE3212F6555005FBBAE /* HomepwnerTests.xctest */;
			productType = "com.apple.product-type.bundle.unit-test";
		};
		ABF78BED212F6555005FBBAE /* HomepwnerUITests */ = {
			isa = PBXNativeTarget;
			buildConfigurationList = ABF78BFD212F6555005FBBAE /* Build configuration list for PBXNativeTarget "HomepwnerUITests" */;
			buildPhases = (
				ABF78BEA212F6555005FBBAE /* Sources */,
				ABF78BEB212F6555005FBBAE /* Frameworks */,
				ABF78BEC212F6555005FBBAE /* Resources */,
			);
			buildRules = (
			);
			dependencies = (
				ABF78BF0212F6555005FBBAE /* PBXTargetDependency */,
			);
			name = HomepwnerUITests;
			productName = HomepwnerUITests;
			productReference = ABF78BEE212F6555005FBBAE /* HomepwnerUITests.xctest */;
			productType = "com.apple.product-type.bundle.ui-testing";
		};
/* End PBXNativeTarget section */

/* Begin PBXProject section */
		ABF78BC7212F6554005FBBAE /* Project object */ = {
			isa = PBXProject;
			attributes = {
				LastSwiftUpdateCheck = 0940;
				LastUpgradeCheck = 0940;
				ORGANIZATIONNAME = "Jonathan Chong";
				TargetAttributes = {
					ABF78BCE212F6554005FBBAE = {
						CreatedOnToolsVersion = 9.4.1;
					};
					ABF78BE2212F6555005FBBAE = {
						CreatedOnToolsVersion = 9.4.1;
						TestTargetID = ABF78BCE212F6554005FBBAE;
					};
					ABF78BED212F6555005FBBAE = {
						CreatedOnToolsVersion = 9.4.1;
						TestTargetID = ABF78BCE212F6554005FBBAE;
					};
				};
			};
			buildConfigurationList = ABF78BCA212F6554005FBBAE /* Build configuration list for PBXProject "Homepwner" */;
			compatibilityVersion = "Xcode 9.3";
			developmentRegion = en;
			hasScannedForEncodings = 0;
			knownRegions = (
				en,
				Base,
			);
			mainGroup = ABF78BC6212F6554005FBBAE;
			productRefGroup = ABF78BD0212F6554005FBBAE /* Products */;
			projectDirPath = "";
			projectRoot = "";
			targets = (
				ABF78BCE212F6554005FBBAE /* Homepwner */,
				ABF78BE2212F6555005FBBAE /* HomepwnerTests */,
				ABF78BED212F6555005FBBAE /* HomepwnerUITests */,
			);
		};
/* End PBXProject section */

/* Begin PBXResourcesBuildPhase section */
		ABF78BCD212F6554005FBBAE /* Resources */ = {
			isa = PBXResourcesBuildPhase;
			buildActionMask = 2147483647;
			files = (
				ABF78BDD212F6555005FBBAE /* LaunchScreen.storyboard in Resources */,
				ABF78BDA212F6555005FBBAE /* Assets.xcassets in Resources */,
				ABF78BD8212F6554005FBBAE /* Main.storyboard in Resources */,
			);
			runOnlyForDeploymentPostprocessing = 0;
		};
		ABF78BE1212F6555005FBBAE /* Resources */ = {
			isa = PBXResourcesBuildPhase;
			buildActionMask = 2147483647;
			files = (
			);
			runOnlyForDeploymentPostprocessing = 0;
		};
		ABF78BEC212F6555005FBBAE /* Resources */ = {
			isa = PBXResourcesBuildPhase;
			buildActionMask = 2147483647;
			files = (
			);
			runOnlyForDeploymentPostprocessing = 0;
		};
/* End PBXResourcesBuildPhase section */

/* Begin PBXSourcesBuildPhase section */
		ABF78BCB212F6554005FBBAE /* Sources */ = {
			isa = PBXSourcesBuildPhase;
			buildActionMask = 2147483647;
			files = (
				AB2F0FC22135AA3F000C1A3F /* CustomTextField.swift in Sources */,
				ABF78C04212F667E005FBBAE /* ItemsViewController.swift in Sources */,
				ABF78C06212F67A3005FBBAE /* Item.swift in Sources */,
				ABF78C08212F6B0C005FBBAE /* ItemStore.swift in Sources */,
				AB6CCA172134A42600137C9F /* DetailViewController.swift in Sources */,
				ABCF98832135D2CA0081A702 /* ImageStore.swift in Sources */,
				ABF78BD3212F6554005FBBAE /* AppDelegate.swift in Sources */,
				AB6CCA152134783700137C9F /* ItemCell.swift in Sources */,
				AB2F0FC82135BBB6000C1A3F /* DateCreatedViewController.swift in Sources */,
			);
			runOnlyForDeploymentPostprocessing = 0;
		};
		ABF78BDF212F6555005FBBAE /* Sources */ = {
			isa = PBXSourcesBuildPhase;
			buildActionMask = 2147483647;
			files = (
				ABF78BE8212F6555005FBBAE /* HomepwnerTests.swift in Sources */,
			);
			runOnlyForDeploymentPostprocessing = 0;
		};
		ABF78BEA212F6555005FBBAE /* Sources */ = {
			isa = PBXSourcesBuildPhase;
			buildActionMask = 2147483647;
			files = (
				ABF78BF3212F6555005FBBAE /* HomepwnerUITests.swift in Sources */,
			);
			runOnlyForDeploymentPostprocessing = 0;
		};
/* End PBXSourcesBuildPhase section */

/* Begin PBXTargetDependency section */
		ABF78BE5212F6555005FBBAE /* PBXTargetDependency */ = {
			isa = PBXTargetDependency;
			target = ABF78BCE212F6554005FBBAE /* Homepwner */;
			targetProxy = ABF78BE4212F6555005FBBAE /* PBXContainerItemProxy */;
		};
		ABF78BF0212F6555005FBBAE /* PBXTargetDependency */ = {
			isa = PBXTargetDependency;
			target = ABF78BCE212F6554005FBBAE /* Homepwner */;
			targetProxy = ABF78BEF212F6555005FBBAE /* PBXContainerItemProxy */;
		};
/* End PBXTargetDependency section */

/* Begin PBXVariantGroup section */
		ABF78BD6212F6554005FBBAE /* Main.storyboard */ = {
			isa = PBXVariantGroup;
			children = (
				ABF78BD7212F6554005FBBAE /* Base */,
			);
			name = Main.storyboard;
			sourceTree = "<group>";
		};
		ABF78BDB212F6555005FBBAE /* LaunchScreen.storyboard */ = {
			isa = PBXVariantGroup;
			children = (
				ABF78BDC212F6555005FBBAE /* Base */,
			);
			name = LaunchScreen.storyboard;
			sourceTree = "<group>";
		};
/* End PBXVariantGroup section */

/* Begin XCBuildConfiguration section */
		ABF78BF5212F6555005FBBAE /* Debug */ = {
			isa = XCBuildConfiguration;
			buildSettings = {
				ALWAYS_SEARCH_USER_PATHS = NO;
				CLANG_ANALYZER_NONNULL = YES;
				CLANG_ANALYZER_NUMBER_OBJECT_CONVERSION = YES_AGGRESSIVE;
				CLANG_CXX_LANGUAGE_STANDARD = "gnu++14";
				CLANG_CXX_LIBRARY = "libc++";
				CLANG_ENABLE_MODULES = YES;
				CLANG_ENABLE_OBJC_ARC = YES;
				CLANG_ENABLE_OBJC_WEAK = YES;
				CLANG_WARN_BLOCK_CAPTURE_AUTORELEASING = YES;
				CLANG_WARN_BOOL_CONVERSION = YES;
				CLANG_WARN_COMMA = YES;
				CLANG_WARN_CONSTANT_CONVERSION = YES;
				CLANG_WARN_DEPRECATED_OBJC_IMPLEMENTATIONS = YES;
				CLANG_WARN_DIRECT_OBJC_ISA_USAGE = YES_ERROR;
				CLANG_WARN_DOCUMENTATION_COMMENTS = YES;
				CLANG_WARN_EMPTY_BODY = YES;
				CLANG_WARN_ENUM_CONVERSION = YES;
				CLANG_WARN_INFINITE_RECURSION = YES;
				CLANG_WARN_INT_CONVERSION = YES;
				CLANG_WARN_NON_LITERAL_NULL_CONVERSION = YES;
				CLANG_WARN_OBJC_IMPLICIT_RETAIN_SELF = YES;
				CLANG_WARN_OBJC_LITERAL_CONVERSION = YES;
				CLANG_WARN_OBJC_ROOT_CLASS = YES_ERROR;
				CLANG_WARN_RANGE_LOOP_ANALYSIS = YES;
				CLANG_WARN_STRICT_PROTOTYPES = YES;
				CLANG_WARN_SUSPICIOUS_MOVE = YES;
				CLANG_WARN_UNGUARDED_AVAILABILITY = YES_AGGRESSIVE;
				CLANG_WARN_UNREACHABLE_CODE = YES;
				CLANG_WARN__DUPLICATE_METHOD_MATCH = YES;
				CODE_SIGN_IDENTITY = "iPhone Developer";
				COPY_PHASE_STRIP = NO;
				DEBUG_INFORMATION_FORMAT = dwarf;
				ENABLE_STRICT_OBJC_MSGSEND = YES;
				ENABLE_TESTABILITY = YES;
				GCC_C_LANGUAGE_STANDARD = gnu11;
				GCC_DYNAMIC_NO_PIC = NO;
				GCC_NO_COMMON_BLOCKS = YES;
				GCC_OPTIMIZATION_LEVEL = 0;
				GCC_PREPROCESSOR_DEFINITIONS = (
					"DEBUG=1",
					"$(inherited)",
				);
				GCC_WARN_64_TO_32_BIT_CONVERSION = YES;
				GCC_WARN_ABOUT_RETURN_TYPE = YES_ERROR;
				GCC_WARN_UNDECLARED_SELECTOR = YES;
				GCC_WARN_UNINITIALIZED_AUTOS = YES_AGGRESSIVE;
				GCC_WARN_UNUSED_FUNCTION = YES;
				GCC_WARN_UNUSED_VARIABLE = YES;
				IPHONEOS_DEPLOYMENT_TARGET = 11.4;
				MTL_ENABLE_DEBUG_INFO = YES;
				ONLY_ACTIVE_ARCH = YES;
				SDKROOT = iphoneos;
				SWIFT_ACTIVE_COMPILATION_CONDITIONS = DEBUG;
				SWIFT_OPTIMIZATION_LEVEL = "-Onone";
			};
			name = Debug;
		};
		ABF78BF6212F6555005FBBAE /* Release */ = {
			isa = XCBuildConfiguration;
			buildSettings = {
				ALWAYS_SEARCH_USER_PATHS = NO;
				CLANG_ANALYZER_NONNULL = YES;
				CLANG_ANALYZER_NUMBER_OBJECT_CONVERSION = YES_AGGRESSIVE;
				CLANG_CXX_LANGUAGE_STANDARD = "gnu++14";
				CLANG_CXX_LIBRARY = "libc++";
				CLANG_ENABLE_MODULES = YES;
				CLANG_ENABLE_OBJC_ARC = YES;
				CLANG_ENABLE_OBJC_WEAK = YES;
				CLANG_WARN_BLOCK_CAPTURE_AUTORELEASING = YES;
				CLANG_WARN_BOOL_CONVERSION = YES;
				CLANG_WARN_COMMA = YES;
				CLANG_WARN_CONSTANT_CONVERSION = YES;
				CLANG_WARN_DEPRECATED_OBJC_IMPLEMENTATIONS = YES;
				CLANG_WARN_DIRECT_OBJC_ISA_USAGE = YES_ERROR;
				CLANG_WARN_DOCUMENTATION_COMMENTS = YES;
				CLANG_WARN_EMPTY_BODY = YES;
				CLANG_WARN_ENUM_CONVERSION = YES;
				CLANG_WARN_INFINITE_RECURSION = YES;
				CLANG_WARN_INT_CONVERSION = YES;
				CLANG_WARN_NON_LITERAL_NULL_CONVERSION = YES;
				CLANG_WARN_OBJC_IMPLICIT_RETAIN_SELF = YES;
				CLANG_WARN_OBJC_LITERAL_CONVERSION = YES;
				CLANG_WARN_OBJC_ROOT_CLASS = YES_ERROR;
				CLANG_WARN_RANGE_LOOP_ANALYSIS = YES;
				CLANG_WARN_STRICT_PROTOTYPES = YES;
				CLANG_WARN_SUSPICIOUS_MOVE = YES;
				CLANG_WARN_UNGUARDED_AVAILABILITY = YES_AGGRESSIVE;
				CLANG_WARN_UNREACHABLE_CODE = YES;
				CLANG_WARN__DUPLICATE_METHOD_MATCH = YES;
				CODE_SIGN_IDENTITY = "iPhone Developer";
				COPY_PHASE_STRIP = NO;
				DEBUG_INFORMATION_FORMAT = "dwarf-with-dsym";
				ENABLE_NS_ASSERTIONS = NO;
				ENABLE_STRICT_OBJC_MSGSEND = YES;
				GCC_C_LANGUAGE_STANDARD = gnu11;
				GCC_NO_COMMON_BLOCKS = YES;
				GCC_WARN_64_TO_32_BIT_CONVERSION = YES;
				GCC_WARN_ABOUT_RETURN_TYPE = YES_ERROR;
				GCC_WARN_UNDECLARED_SELECTOR = YES;
				GCC_WARN_UNINITIALIZED_AUTOS = YES_AGGRESSIVE;
				GCC_WARN_UNUSED_FUNCTION = YES;
				GCC_WARN_UNUSED_VARIABLE = YES;
				IPHONEOS_DEPLOYMENT_TARGET = 11.4;
				MTL_ENABLE_DEBUG_INFO = NO;
				SDKROOT = iphoneos;
				SWIFT_COMPILATION_MODE = wholemodule;
				SWIFT_OPTIMIZATION_LEVEL = "-O";
				VALIDATE_PRODUCT = YES;
			};
			name = Release;
		};
		ABF78BF8212F6555005FBBAE /* Debug */ = {
			isa = XCBuildConfiguration;
			buildSettings = {
				ASSETCATALOG_COMPILER_APPICON_NAME = AppIcon;
				CODE_SIGN_STYLE = Automatic;
				INFOPLIST_FILE = Homepwner/Info.plist;
				LD_RUNPATH_SEARCH_PATHS = (
					"$(inherited)",
					"@executable_path/Frameworks",
				);
				PRODUCT_BUNDLE_IDENTIFIER = Jonathan.Homepwner;
				PRODUCT_NAME = "$(TARGET_NAME)";
				SWIFT_VERSION = 4.0;
				TARGETED_DEVICE_FAMILY = "1,2";
			};
			name = Debug;
		};
		ABF78BF9212F6555005FBBAE /* Release */ = {
			isa = XCBuildConfiguration;
			buildSettings = {
				ASSETCATALOG_COMPILER_APPICON_NAME = AppIcon;
				CODE_SIGN_STYLE = Automatic;
				INFOPLIST_FILE = Homepwner/Info.plist;
				LD_RUNPATH_SEARCH_PATHS = (
					"$(inherited)",
					"@executable_path/Frameworks",
				);
				PRODUCT_BUNDLE_IDENTIFIER = Jonathan.Homepwner;
				PRODUCT_NAME = "$(TARGET_NAME)";
				SWIFT_VERSION = 4.0;
				TARGETED_DEVICE_FAMILY = "1,2";
			};
			name = Release;
		};
		ABF78BFB212F6555005FBBAE /* Debug */ = {
			isa = XCBuildConfiguration;
			buildSettings = {
				ALWAYS_EMBED_SWIFT_STANDARD_LIBRARIES = YES;
				BUNDLE_LOADER = "$(TEST_HOST)";
				CODE_SIGN_STYLE = Automatic;
				INFOPLIST_FILE = HomepwnerTests/Info.plist;
				LD_RUNPATH_SEARCH_PATHS = (
					"$(inherited)",
					"@executable_path/Frameworks",
					"@loader_path/Frameworks",
				);
				PRODUCT_BUNDLE_IDENTIFIER = Jonathan.HomepwnerTests;
				PRODUCT_NAME = "$(TARGET_NAME)";
				SWIFT_VERSION = 4.0;
				TARGETED_DEVICE_FAMILY = "1,2";
				TEST_HOST = "$(BUILT_PRODUCTS_DIR)/Homepwner.app/Homepwner";
			};
			name = Debug;
		};
		ABF78BFC212F6555005FBBAE /* Release */ = {
			isa = XCBuildConfiguration;
			buildSettings = {
				ALWAYS_EMBED_SWIFT_STANDARD_LIBRARIES = YES;
				BUNDLE_LOADER = "$(TEST_HOST)";
				CODE_SIGN_STYLE = Automatic;
				INFOPLIST_FILE = HomepwnerTests/Info.plist;
				LD_RUNPATH_SEARCH_PATHS = (
					"$(inherited)",
					"@executable_path/Frameworks",
					"@loader_path/Frameworks",
				);
				PRODUCT_BUNDLE_IDENTIFIER = Jonathan.HomepwnerTests;
				PRODUCT_NAME = "$(TARGET_NAME)";
				SWIFT_VERSION = 4.0;
				TARGETED_DEVICE_FAMILY = "1,2";
				TEST_HOST = "$(BUILT_PRODUCTS_DIR)/Homepwner.app/Homepwner";
			};
			name = Release;
		};
		ABF78BFE212F6555005FBBAE /* Debug */ = {
			isa = XCBuildConfiguration;
			buildSettings = {
				ALWAYS_EMBED_SWIFT_STANDARD_LIBRARIES = YES;
				CODE_SIGN_STYLE = Automatic;
				INFOPLIST_FILE = HomepwnerUITests/Info.plist;
				LD_RUNPATH_SEARCH_PATHS = (
					"$(inherited)",
					"@executable_path/Frameworks",
					"@loader_path/Frameworks",
				);
				PRODUCT_BUNDLE_IDENTIFIER = Jonathan.HomepwnerUITests;
				PRODUCT_NAME = "$(TARGET_NAME)";
				SWIFT_VERSION = 4.0;
				TARGETED_DEVICE_FAMILY = "1,2";
				TEST_TARGET_NAME = Homepwner;
			};
			name = Debug;
		};
		ABF78BFF212F6555005FBBAE /* Release */ = {
			isa = XCBuildConfiguration;
			buildSettings = {
				ALWAYS_EMBED_SWIFT_STANDARD_LIBRARIES = YES;
				CODE_SIGN_STYLE = Automatic;
				INFOPLIST_FILE = HomepwnerUITests/Info.plist;
				LD_RUNPATH_SEARCH_PATHS = (
					"$(inherited)",
					"@executable_path/Frameworks",
					"@loader_path/Frameworks",
				);
				PRODUCT_BUNDLE_IDENTIFIER = Jonathan.HomepwnerUITests;
				PRODUCT_NAME = "$(TARGET_NAME)";
				SWIFT_VERSION = 4.0;
				TARGETED_DEVICE_FAMILY = "1,2";
				TEST_TARGET_NAME = Homepwner;
			};
			name = Release;
		};
/* End XCBuildConfiguration section */

/* Begin XCConfigurationList section */
		ABF78BCA212F6554005FBBAE /* Build configuration list for PBXProject "Homepwner" */ = {
			isa = XCConfigurationList;
			buildConfigurations = (
				ABF78BF5212F6555005FBBAE /* Debug */,
				ABF78BF6212F6555005FBBAE /* Release */,
			);
			defaultConfigurationIsVisible = 0;
			defaultConfigurationName = Release;
		};
		ABF78BF7212F6555005FBBAE /* Build configuration list for PBXNativeTarget "Homepwner" */ = {
			isa = XCConfigurationList;
			buildConfigurations = (
				ABF78BF8212F6555005FBBAE /* Debug */,
				ABF78BF9212F6555005FBBAE /* Release */,
			);
			defaultConfigurationIsVisible = 0;
			defaultConfigurationName = Release;
		};
		ABF78BFA212F6555005FBBAE /* Build configuration list for PBXNativeTarget "HomepwnerTests" */ = {
			isa = XCConfigurationList;
			buildConfigurations = (
				ABF78BFB212F6555005FBBAE /* Debug */,
				ABF78BFC212F6555005FBBAE /* Release */,
			);
			defaultConfigurationIsVisible = 0;
			defaultConfigurationName = Release;
		};
		ABF78BFD212F6555005FBBAE /* Build configuration list for PBXNativeTarget "HomepwnerUITests" */ = {
			isa = XCConfigurationList;
			buildConfigurations = (
				ABF78BFE212F6555005FBBAE /* Debug */,
				ABF78BFF212F6555005FBBAE /* Release */,
			);
			defaultConfigurationIsVisible = 0;
			defaultConfigurationName = Release;
		};
/* End XCConfigurationList section */
	};
	rootObject = ABF78BC7212F6554005FBBAE /* Project object */;
}
